
Microsoft Visual Studio Solution File, Format Version 9.00
# Visual Studio 2005
Project("{8BC9CEB8-8B4A-11D0-8D11-00A0C91BC942}") = "FScript", "FScript\FScript.vcproj", "{21651447-C809-4A19-BFB6-7FF924E19569}"
	ProjectSection(ProjectDependencies) = postProject
		{75E54A82-B01B-4D12-8154-303D8AC95183} = {75E54A82-B01B-4D12-8154-303D8AC95183}
	EndProjectSection
EndProject
Project("{8BC9CEB8-8B4A-11D0-8D11-00A0C91BC942}") = "libffi", "libffi\libffi_msvc.vcproj", "{75E54A82-B01B-4D12-8154-303D8AC95183}"
EndProject
Global
	GlobalSection(SolutionConfigurationPlatforms) = preSolution
		Debug|Win32 = Debug|Win32
		Release|Win32 = Release|Win32
	EndGlobalSection
	GlobalSection(ProjectConfigurationPlatforms) = postSolution
		{21651447-C809-4A19-BFB6-7FF924E19569}.Debug|Win32.ActiveCfg = Debug|Win32
		{21651447-C809-4A19-BFB6-7FF924E19569}.Debug|Win32.Build.0 = Debug|Win32
		{21651447-C809-4A19-BFB6-7FF924E19569}.Release|Win32.ActiveCfg = Release|Win32
		{21651447-C809-4A19-BFB6-7FF924E19569}.Release|Win32.Build.0 = Release|Win32
		{75E54A82-B01B-4D12-8154-303D8AC95183}.Debug|Win32.ActiveCfg = Debug|Win32
		{75E54A82-B01B-4D12-8154-303D8AC95183}.Debug|Win32.Build.0 = Debug|Win32
		{75E54A82-B01B-4D12-8154-303D8AC95183}.Release|Win32.ActiveCfg = Release|Win32
		{75E54A82-B01B-4D12-8154-303D8AC95183}.Release|Win32.Build.0 = Release|Win32
	EndGlobalSection
	GlobalSection(SolutionProperties) = preSolution
		HideSolutionNode = FALSE
	EndGlobalSection
EndGlobal
